
Microsoft Visual Studio Solution File, Format Version 12.00
# Visual Studio Version 16
VisualStudioVersion = 16.0.31005.135
MinimumVisualStudioVersion = 10.0.40219.1
Project("{FAE04EC0-301F-11D3-BF4B-00C04F79EFBC}") = "ViewApp.Android", "ViewApp.Android\ViewApp.Android.csproj", "{DD35958D-E8A7-43D7-BE46-BBA528E720A6}"
EndProject
Project("{FAE04EC0-301F-11D3-BF4B-00C04F79EFBC}") = "ViewApp.iOS", "ViewApp.iOS\ViewApp.iOS.csproj", "{56A99761-5957-48B1-9C88-16DDA345C1F1}"
EndProject
Project("{FAE04EC0-301F-11D3-BF4B-00C04F79EFBC}") = "ViewApp", "ViewApp\ViewApp.csproj", "{E6FBCA44-98C8-4C58-8A0C-1922285E9F1E}"
EndProject
Global
	GlobalSection(SolutionConfigurationPlatforms) = preSolution
		Debug|Any CPU = Debug|Any CPU
		Debug|ARM = Debug|ARM
		Debug|iPhone = Debug|iPhone
		Debug|iPhoneSimulator = Debug|iPhoneSimulator
		Debug|x64 = Debug|x64
		Debug|x86 = Debug|x86
		Release|Any CPU = Release|Any CPU
		Release|ARM = Release|ARM
		Release|iPhone = Release|iPhone
		Release|iPhoneSimulator = Release|iPhoneSimulator
		Release|x64 = Release|x64
		Release|x86 = Release|x86
	EndGlobalSection
	GlobalSection(ProjectConfigurationPlatforms) = postSolution
		{DD35958D-E8A7-43D7-BE46-BBA528E720A6}.Debug|Any CPU.ActiveCfg = Debug|Any CPU
		{DD35958D-E8A7-43D7-BE46-BBA528E720A6}.Debug|Any CPU.Build.0 = Debug|Any CPU
		{DD35958D-E8A7-43D7-BE46-BBA528E720A6}.Debug|Any CPU.Deploy.0 = Debug|Any CPU
		{DD35958D-E8A7-43D7-BE46-BBA528E720A6}.Debug|ARM.ActiveCfg = Debug|Any CPU
		{DD35958D-E8A7-43D7-BE46-BBA528E720A6}.Debug|ARM.Build.0 = Debug|Any CPU
		{DD35958D-E8A7-43D7-BE46-BBA528E720A6}.Debug|ARM.Deploy.0 = Debug|Any CPU
		{DD35958D-E8A7-43D7-BE46-BBA528E720A6}.Debug|iPhone.ActiveCfg = Debug|Any CPU
		{DD35958D-E8A7-43D7-BE46-BBA528E720A6}.Debug|iPhone.Build.0 = Debug|Any CPU
		{DD35958D-E8A7-43D7-BE46-BBA528E720A6}.Debug|iPhone.Deploy.0 = Debug|Any CPU
		{DD35958D-E8A7-43D7-BE46-BBA528E720A6}.Debug|iPhoneSimulator.ActiveCfg = Debug|Any CPU
		{DD35958D-E8A7-43D7-BE46-BBA528E720A6}.Debug|iPhoneSimulator.Build.0 = Debug|Any CPU
		{DD35958D-E8A7-43D7-BE46-BBA528E720A6}.Debug|iPhoneSimulator.Deploy.0 = Debug|Any CPU
		{DD35958D-E8A7-43D7-BE46-BBA528E720A6}.Debug|x64.ActiveCfg = Debug|Any CPU
		{DD35958D-E8A7-43D7-BE46-BBA528E720A6}.Debug|x64.Build.0 = Debug|Any CPU
		{DD35958D-E8A7-43D7-BE46-BBA528E720A6}.Debug|x64.Deploy.0 = Debug|Any CPU
		{DD35958D-E8A7-43D7-BE46-BBA528E720A6}.Debug|x86.ActiveCfg = Debug|Any CPU
		{DD35958D-E8A7-43D7-BE46-BBA528E720A6}.Debug|x86.Build.0 = Debug|Any CPU
		{DD35958D-E8A7-43D7-BE46-BBA528E720A6}.Debug|x86.Deploy.0 = Debug|Any CPU
		{DD35958D-E8A7-43D7-BE46-BBA528E720A6}.Release|Any CPU.ActiveCfg = Release|Any CPU
		{DD35958D-E8A7-43D7-BE46-BBA528E720A6}.Release|Any CPU.Build.0 = Release|Any CPU
		{DD35958D-E8A7-43D7-BE46-BBA528E720A6}.Release|Any CPU.Deploy.0 = Release|Any CPU
		{DD35958D-E8A7-43D7-BE46-BBA528E720A6}.Release|ARM.ActiveCfg = Release|Any CPU
		{DD35958D-E8A7-43D7-BE46-BBA528E720A6}.Release|ARM.Build.0 = Release|Any CPU
		{DD35958D-E8A7-43D7-BE46-BBA528E720A6}.Release|ARM.Deploy.0 = Release|Any CPU
		{DD35958D-E8A7-43D7-BE46-BBA528E720A6}.Release|iPhone.ActiveCfg = Release|Any CPU
		{DD35958D-E8A7-43D7-BE46-BBA528E720A6}.Release|iPhone.Build.0 = Release|Any CPU
		{DD35958D-E8A7-43D7-BE46-BBA528E720A6}.Release|iPhone.Deploy.0 = Release|Any CPU
		{DD35958D-E8A7-43D7-BE46-BBA528E720A6}.Release|iPhoneSimulator.ActiveCfg = Release|Any CPU
		{DD35958D-E8A7-43D7-BE46-BBA528E720A6}.Release|iPhoneSimulator.Build.0 = Release|Any CPU
		{DD35958D-E8A7-43D7-BE46-BBA528E720A6}.Release|iPhoneSimulator.Deploy.0 = Release|Any CPU
		{DD35958D-E8A7-43D7-BE46-BBA528E720A6}.Release|x64.ActiveCfg = Release|Any CPU
		{DD35958D-E8A7-43D7-BE46-BBA528E720A6}.Release|x64.Build.0 = Release|Any CPU
		{DD35958D-E8A7-43D7-BE46-BBA528E720A6}.Release|x64.Deploy.0 = Release|Any CPU
		{DD35958D-E8A7-43D7-BE46-BBA528E720A6}.Release|x86.ActiveCfg = Release|Any CPU
		{DD35958D-E8A7-43D7-BE46-BBA528E720A6}.Release|x86.Build.0 = Release|Any CPU
		{DD35958D-E8A7-43D7-BE46-BBA528E720A6}.Release|x86.Deploy.0 = Release|Any CPU
		{56A99761-5957-48B1-9C88-16DDA345C1F1}.Debug|Any CPU.ActiveCfg = Debug|iPhoneSimulator
		{56A99761-5957-48B1-9C88-16DDA345C1F1}.Debug|Any CPU.Build.0 = Debug|iPhoneSimulator
		{56A99761-5957-48B1-9C88-16DDA345C1F1}.Debug|Any CPU.Deploy.0 = Debug|iPhoneSimulator
		{56A99761-5957-48B1-9C88-16DDA345C1F1}.Debug|ARM.ActiveCfg = Debug|iPhone
		{56A99761-5957-48B1-9C88-16DDA345C1F1}.Debug|ARM.Build.0 = Debug|iPhone
		{56A99761-5957-48B1-9C88-16DDA345C1F1}.Debug|ARM.Deploy.0 = Debug|iPhone
		{56A99761-5957-48B1-9C88-16DDA345C1F1}.Debug|iPhone.ActiveCfg = Debug|iPhone
		{56A99761-5957-48B1-9C88-16DDA345C1F1}.Debug|iPhone.Build.0 = Debug|iPhone
		{56A99761-5957-48B1-9C88-16DDA345C1F1}.Debug|iPhone.Deploy.0 = Debug|iPhone
		{56A99761-5957-48B1-9C88-16DDA345C1F1}.Debug|iPhoneSimulator.ActiveCfg = Debug|iPhoneSimulator
		{56A99761-5957-48B1-9C88-16DDA345C1F1}.Debug|iPhoneSimulator.Build.0 = Debug|iPhoneSimulator
		{56A99761-5957-48B1-9C88-16DDA345C1F1}.Debug|iPhoneSimulator.Deploy.0 = Debug|iPhoneSimulator
		{56A99761-5957-48B1-9C88-16DDA345C1F1}.Debug|x64.ActiveCfg = Debug|iPhoneSimulator
		{56A99761-5957-48B1-9C88-16DDA345C1F1}.Debug|x64.Build.0 = Debug|iPhoneSimulator
		{56A99761-5957-48B1-9C88-16DDA345C1F1}.Debug|x64.Deploy.0 = Debug|iPhoneSimulator
		{56A99761-5957-48B1-9C88-16DDA345C1F1}.Debug|x86.ActiveCfg = Debug|iPhoneSimulator
		{56A99761-5957-48B1-9C88-16DDA345C1F1}.Debug|x86.Build.0 = Debug|iPhoneSimulator
		{56A99761-5957-48B1-9C88-16DDA345C1F1}.Debug|x86.Deploy.0 = Debug|iPhoneSimulator
		{56A99761-5957-48B1-9C88-16DDA345C1F1}.Release|Any CPU.ActiveCfg = Release|iPhoneSimulator
		{56A99761-5957-48B1-9C88-16DDA345C1F1}.Release|Any CPU.Build.0 = Release|iPhoneSimulator
		{56A99761-5957-48B1-9C88-16DDA345C1F1}.Release|Any CPU.Deploy.0 = Release|iPhoneSimulator
		{56A99761-5957-48B1-9C88-16DDA345C1F1}.Release|ARM.ActiveCfg = Release|iPhoneSimulator
		{56A99761-5957-48B1-9C88-16DDA345C1F1}.Release|ARM.Build.0 = Release|iPhoneSimulator
		{56A99761-5957-48B1-9C88-16DDA345C1F1}.Release|ARM.Deploy.0 = Release|iPhoneSimulator
		{56A99761-5957-48B1-9C88-16DDA345C1F1}.Release|iPhone.ActiveCfg = Release|iPhone
		{56A99761-5957-48B1-9C88-16DDA345C1F1}.Release|iPhone.Build.0 = Release|iPhone
		{56A99761-5957-48B1-9C88-16DDA345C1F1}.Release|iPhone.Deploy.0 = Release|iPhone
		{56A99761-5957-48B1-9C88-16DDA345C1F1}.Release|iPhoneSimulator.ActiveCfg = Release|iPhoneSimulator
		{56A99761-5957-48B1-9C88-16DDA345C1F1}.Release|iPhoneSimulator.Build.0 = Release|iPhoneSimulator
		{56A99761-5957-48B1-9C88-16DDA345C1F1}.Release|iPhoneSimulator.Deploy.0 = Release|iPhoneSimulator
		{56A99761-5957-48B1-9C88-16DDA345C1F1}.Release|x64.ActiveCfg = Release|iPhoneSimulator
		{56A99761-5957-48B1-9C88-16DDA345C1F1}.Release|x64.Build.0 = Release|iPhoneSimulator
		{56A99761-5957-48B1-9C88-16DDA345C1F1}.Release|x64.Deploy.0 = Release|iPhoneSimulator
		{56A99761-5957-48B1-9C88-16DDA345C1F1}.Release|x86.ActiveCfg = Release|iPhoneSimulator
		{56A99761-5957-48B1-9C88-16DDA345C1F1}.Release|x86.Build.0 = Release|iPhoneSimulator
		{56A99761-5957-48B1-9C88-16DDA345C1F1}.Release|x86.Deploy.0 = Release|iPhoneSimulator
		{E6FBCA44-98C8-4C58-8A0C-1922285E9F1E}.Debug|Any CPU.ActiveCfg = Debug|Any CPU
		{E6FBCA44-98C8-4C58-8A0C-1922285E9F1E}.Debug|Any CPU.Build.0 = Debug|Any CPU
		{E6FBCA44-98C8-4C58-8A0C-1922285E9F1E}.Debug|Any CPU.Deploy.0 = Debug|Any CPU
		{E6FBCA44-98C8-4C58-8A0C-1922285E9F1E}.Debug|ARM.ActiveCfg = Debug|Any CPU
		{E6FBCA44-98C8-4C58-8A0C-1922285E9F1E}.Debug|ARM.Build.0 = Debug|Any CPU
		{E6FBCA44-98C8-4C58-8A0C-1922285E9F1E}.Debug|ARM.Deploy.0 = Debug|Any CPU
		{E6FBCA44-98C8-4C58-8A0C-1922285E9F1E}.Debug|iPhone.ActiveCfg = Debug|Any CPU
		{E6FBCA44-98C8-4C58-8A0C-1922285E9F1E}.Debug|iPhone.Build.0 = Debug|Any CPU
		{E6FBCA44-98C8-4C58-8A0C-1922285E9F1E}.Debug|iPhone.Deploy.0 = Debug|Any CPU
		{E6FBCA44-98C8-4C58-8A0C-1922285E9F1E}.Debug|iPhoneSimulator.ActiveCfg = Debug|Any CPU
		{E6FBCA44-98C8-4C58-8A0C-1922285E9F1E}.Debug|iPhoneSimulator.Build.0 = Debug|Any CPU
		{E6FBCA44-98C8-4C58-8A0C-1922285E9F1E}.Debug|iPhoneSimulator.Deploy.0 = Debug|Any CPU
		{E6FBCA44-98C8-4C58-8A0C-1922285E9F1E}.Debug|x64.ActiveCfg = Debug|Any CPU
		{E6FBCA44-98C8-4C58-8A0C-1922285E9F1E}.Debug|x64.Build.0 = Debug|Any CPU
		{E6FBCA44-98C8-4C58-8A0C-1922285E9F1E}.Debug|x64.Deploy.0 = Debug|Any CPU
		{E6FBCA44-98C8-4C58-8A0C-1922285E9F1E}.Debug|x86.ActiveCfg = Debug|Any CPU
		{E6FBCA44-98C8-4C58-8A0C-1922285E9F1E}.Debug|x86.Build.0 = Debug|Any CPU
		{E6FBCA44-98C8-4C58-8A0C-1922285E9F1E}.Debug|x86.Deploy.0 = Debug|Any CPU
		{E6FBCA44-98C8-4C58-8A0C-1922285E9F1E}.Release|Any CPU.ActiveCfg = Release|Any CPU
		{E6FBCA44-98C8-4C58-8A0C-1922285E9F1E}.Release|Any CPU.Build.0 = Release|Any CPU
		{E6FBCA44-98C8-4C58-8A0C-1922285E9F1E}.Release|Any CPU.Deploy.0 = Release|Any CPU
		{E6FBCA44-98C8-4C58-8A0C-1922285E9F1E}.Release|ARM.ActiveCfg = Release|Any CPU
		{E6FBCA44-98C8-4C58-8A0C-1922285E9F1E}.Release|ARM.Build.0 = Release|Any CPU
		{E6FBCA44-98C8-4C58-8A0C-1922285E9F1E}.Release|ARM.Deploy.0 = Release|Any CPU
		{E6FBCA44-98C8-4C58-8A0C-1922285E9F1E}.Release|iPhone.ActiveCfg = Release|Any CPU
		{E6FBCA44-98C8-4C58-8A0C-1922285E9F1E}.Release|iPhone.Build.0 = Release|Any CPU
		{E6FBCA44-98C8-4C58-8A0C-1922285E9F1E}.Release|iPhone.Deploy.0 = Release|Any CPU
		{E6FBCA44-98C8-4C58-8A0C-1922285E9F1E}.Release|iPhoneSimulator.ActiveCfg = Release|Any CPU
		{E6FBCA44-98C8-4C58-8A0C-1922285E9F1E}.Release|iPhoneSimulator.Build.0 = Release|Any CPU
		{E6FBCA44-98C8-4C58-8A0C-1922285E9F1E}.Release|iPhoneSimulator.Deploy.0 = Release|Any CPU
		{E6FBCA44-98C8-4C58-8A0C-1922285E9F1E}.Release|x64.ActiveCfg = Release|Any CPU
		{E6FBCA44-98C8-4C58-8A0C-1922285E9F1E}.Release|x64.Build.0 = Release|Any CPU
		{E6FBCA44-98C8-4C58-8A0C-1922285E9F1E}.Release|x64.Deploy.0 = Release|Any CPU
		{E6FBCA44-98C8-4C58-8A0C-1922285E9F1E}.Release|x86.ActiveCfg = Release|Any CPU
		{E6FBCA44-98C8-4C58-8A0C-1922285E9F1E}.Release|x86.Build.0 = Release|Any CPU
		{E6FBCA44-98C8-4C58-8A0C-1922285E9F1E}.Release|x86.Deploy.0 = Release|Any CPU
	EndGlobalSection
	GlobalSection(SolutionProperties) = preSolution
		HideSolutionNode = FALSE
	EndGlobalSection
	GlobalSection(ExtensibilityGlobals) = postSolution
		SolutionGuid = {362D5729-6676-4D38-9720-B35D071F9A39}
	EndGlobalSection
EndGlobal
